// !$*UTF8*$!
{
	archiveVersion = 1;
	classes = {
	};
	objectVersion = 46;
	objects = {

/* Begin PBXBuildFile section */
		BBE2A8141D395225007024F9 /* AppDelegate.swift in Sources */ = {isa = PBXBuildFile; fileRef = BBE2A8131D395225007024F9 /* AppDelegate.swift */; };
		BBE2A8161D395225007024F9 /* ViewController.swift in Sources */ = {isa = PBXBuildFile; fileRef = BBE2A8151D395225007024F9 /* ViewController.swift */; };
		BBE2A8191D395225007024F9 /* Main.storyboard in Resources */ = {isa = PBXBuildFile; fileRef = BBE2A8171D395225007024F9 /* Main.storyboard */; };
		BBE2A81B1D395225007024F9 /* Assets.xcassets in Resources */ = {isa = PBXBuildFile; fileRef = BBE2A81A1D395225007024F9 /* Assets.xcassets */; };
		BBE2A81E1D395225007024F9 /* LaunchScreen.storyboard in Resources */ = {isa = PBXBuildFile; fileRef = BBE2A81C1D395225007024F9 /* LaunchScreen.storyboard */; };
/* End PBXBuildFile section */

/* Begin PBXCopyFilesBuildPhase section */
		BBE2A8281D395230007024F9 /* Embed Frameworks */ = {
			isa = PBXCopyFilesBuildPhase;
			buildActionMask = 2147483647;
			dstPath = "";
			dstSubfolderSpec = 10;
			files = (
			);
			name = "Embed Frameworks";
			runOnlyForDeploymentPostprocessing = 0;
		};
/* End PBXCopyFilesBuildPhase section */

/* Begin PBXFileReference section */
		BBE2A8101D395225007024F9 /* LYTAudioPlayerDemo.app */ = {isa = PBXFileReference; explicitFileType = wrapper.application; includeInIndex = 0; path = LYTAudioPlayerDemo.app; sourceTree = BUILT_PRODUCTS_DIR; };
		BBE2A8131D395225007024F9 /* AppDelegate.swift */ = {isa = PBXFileReference; lastKnownFileType = sourcecode.swift; path = AppDelegate.swift; sourceTree = "<group>"; };
		BBE2A8151D395225007024F9 /* ViewController.swift */ = {isa = PBXFileReference; lastKnownFileType = sourcecode.swift; path = ViewController.swift; sourceTree = "<group>"; };
		BBE2A8181D395225007024F9 /* Base */ = {isa = PBXFileReference; lastKnownFileType = file.storyboard; name = Base; path = Base.lproj/Main.storyboard; sourceTree = "<group>"; };
		BBE2A81A1D395225007024F9 /* Assets.xcassets */ = {isa = PBXFileReference; lastKnownFileType = folder.assetcatalog; path = Assets.xcassets; sourceTree = "<group>"; };
		BBE2A81D1D395225007024F9 /* Base */ = {isa = PBXFileReference; lastKnownFileType = file.storyboard; name = Base; path = Base.lproj/LaunchScreen.storyboard; sourceTree = "<group>"; };
		BBE2A81F1D395225007024F9 /* Info.plist */ = {isa = PBXFileReference; lastKnownFileType = text.plist.xml; path = Info.plist; sourceTree = "<group>"; };
/* End PBXFileReference section */

/* Begin PBXFrameworksBuildPhase section */
		BBE2A80D1D395225007024F9 /* Frameworks */ = {
			isa = PBXFrameworksBuildPhase;
			buildActionMask = 2147483647;
			files = (
			);
			runOnlyForDeploymentPostprocessing = 0;
		};
/* End PBXFrameworksBuildPhase section */

/* Begin PBXGroup section */
		BBE2A8071D395225007024F9 = {
			isa = PBXGroup;
			children = (
				BBE2A8121D395225007024F9 /* LYTAudioPlayerDemo */,
				BBE2A8111D395225007024F9 /* Products */,
			);
			sourceTree = "<group>";
		};
		BBE2A8111D395225007024F9 /* Products */ = {
			isa = PBXGroup;
			children = (
				BBE2A8101D395225007024F9 /* LYTAudioPlayerDemo.app */,
			);
			name = Products;
			sourceTree = "<group>";
		};
		BBE2A8121D395225007024F9 /* LYTAudioPlayerDemo */ = {
			isa = PBXGroup;
			children = (
				BBE2A8131D395225007024F9 /* AppDelegate.swift */,
				BBE2A8151D395225007024F9 /* ViewController.swift */,
				BBE2A8171D395225007024F9 /* Main.storyboard */,
				BBE2A81A1D395225007024F9 /* Assets.xcassets */,
				BBE2A81C1D395225007024F9 /* LaunchScreen.storyboard */,
				BBE2A81F1D395225007024F9 /* Info.plist */,
			);
			path = LYTAudioPlayerDemo;
			sourceTree = "<group>";
		};
/* End PBXGroup section */

/* Begin PBXNativeTarget section */
		BBE2A80F1D395225007024F9 /* LYTAudioPlayerDemo */ = {
			isa = PBXNativeTarget;
			buildConfigurationList = BBE2A8221D395225007024F9 /* Build configuration list for PBXNativeTarget "LYTAudioPlayerDemo" */;
			buildPhases = (
				BBE2A80C1D395225007024F9 /* Sources */,
				BBE2A80D1D395225007024F9 /* Frameworks */,
				BBE2A80E1D395225007024F9 /* Resources */,
				BBE2A8281D395230007024F9 /* Embed Frameworks */,
			);
			buildRules = (
			);
			dependencies = (
			);
			name = LYTAudioPlayerDemo;
			productName = LYTAudioPlayerDemo;
			productReference = BBE2A8101D395225007024F9 /* LYTAudioPlayerDemo.app */;
			productType = "com.apple.product-type.application";
		};
/* End PBXNativeTarget section */

/* Begin PBXProject section */
		BBE2A8081D395225007024F9 /* Project object */ = {
			isa = PBXProject;
			attributes = {
				LastSwiftUpdateCheck = 0730;
				LastUpgradeCheck = 0730;
				ORGANIZATIONNAME = Nota;
				TargetAttributes = {
					BBE2A80F1D395225007024F9 = {
						CreatedOnToolsVersion = 7.3.1;
					};
				};
			};
			buildConfigurationList = BBE2A80B1D395225007024F9 /* Build configuration list for PBXProject "LYTAudioPlayerDemo" */;
			compatibilityVersion = "Xcode 3.2";
			developmentRegion = English;
			hasScannedForEncodings = 0;
			knownRegions = (
				en,
				Base,
			);
			mainGroup = BBE2A8071D395225007024F9;
			productRefGroup = BBE2A8111D395225007024F9 /* Products */;
			projectDirPath = "";
			projectRoot = "";
			targets = (
				BBE2A80F1D395225007024F9 /* LYTAudioPlayerDemo */,
			);
		};
/* End PBXProject section */

/* Begin PBXResourcesBuildPhase section */
		BBE2A80E1D395225007024F9 /* Resources */ = {
			isa = PBXResourcesBuildPhase;
			buildActionMask = 2147483647;
			files = (
				BBE2A81E1D395225007024F9 /* LaunchScreen.storyboard in Resources */,
				BBE2A81B1D395225007024F9 /* Assets.xcassets in Resources */,
				BBE2A8191D395225007024F9 /* Main.storyboard in Resources */,
			);
			runOnlyForDeploymentPostprocessing = 0;
		};
/* End PBXResourcesBuildPhase section */

/* Begin PBXSourcesBuildPhase section */
		BBE2A80C1D395225007024F9 /* Sources */ = {
			isa = PBXSourcesBuildPhase;
			buildActionMask = 2147483647;
			files = (
				BBE2A8161D395225007024F9 /* ViewController.swift in Sources */,
				BBE2A8141D395225007024F9 /* AppDelegate.swift in Sources */,
			);
			runOnlyForDeploymentPostprocessing = 0;
		};
/* End PBXSourcesBuildPhase section */

/* Begin PBXVariantGroup section */
		BBE2A8171D395225007024F9 /* Main.storyboard */ = {
			isa = PBXVariantGroup;
			children = (
				BBE2A8181D395225007024F9 /* Base */,
			);
			name = Main.storyboard;
			sourceTree = "<group>";
		};
		BBE2A81C1D395225007024F9 /* LaunchScreen.storyboard */ = {
			isa = PBXVariantGroup;
			children = (
				BBE2A81D1D395225007024F9 /* Base */,
			);
			name = LaunchScreen.storyboard;
			sourceTree = "<group>";
		};
/* End PBXVariantGroup section */

/* Begin XCBuildConfiguration section */
		BBE2A8201D395225007024F9 /* Debug */ = {
			isa = XCBuildConfiguration;
			buildSettings = {
				ALWAYS_SEARCH_USER_PATHS = NO;
				CLANG_ANALYZER_NONNULL = YES;
				CLANG_CXX_LANGUAGE_STANDARD = "gnu++0x";
				CLANG_CXX_LIBRARY = "libc++";
				CLANG_ENABLE_MODULES = YES;
				CLANG_ENABLE_OBJC_ARC = YES;
				CLANG_WARN_BOOL_CONVERSION = YES;
				CLANG_WARN_CONSTANT_CONVERSION = YES;
				CLANG_WARN_DIRECT_OBJC_ISA_USAGE = YES_ERROR;
				CLANG_WARN_EMPTY_BODY = YES;
				CLANG_WARN_ENUM_CONVERSION = YES;
				CLANG_WARN_INT_CONVERSION = YES;
				CLANG_WARN_OBJC_ROOT_CLASS = YES_ERROR;
				CLANG_WARN_UNREACHABLE_CODE = YES;
				CLANG_WARN__DUPLICATE_METHOD_MATCH = YES;
				"CODE_SIGN_IDENTITY[sdk=iphoneos*]" = "iPhone Developer";
				COPY_PHASE_STRIP = NO;
				DEBUG_INFORMATION_FORMAT = dwarf;
				ENABLE_STRICT_OBJC_MSGSEND = YES;
				ENABLE_TESTABILITY = YES;
				GCC_C_LANGUAGE_STANDARD = gnu99;
				GCC_DYNAMIC_NO_PIC = NO;
				GCC_NO_COMMON_BLOCKS = YES;
				GCC_OPTIMIZATION_LEVEL = 0;
				GCC_PREPROCESSOR_DEFINITIONS = (
					"DEBUG=1",
					"$(inherited)",
				);
				GCC_WARN_64_TO_32_BIT_CONVERSION = YES;
				GCC_WARN_ABOUT_RETURN_TYPE = YES_ERROR;
				GCC_WARN_UNDECLARED_SELECTOR = YES;
				GCC_WARN_UNINITIALIZED_AUTOS = YES_AGGRESSIVE;
				GCC_WARN_UNUSED_FUNCTION = YES;
				GCC_WARN_UNUSED_VARIABLE = YES;
				IPHONEOS_DEPLOYMENT_TARGET = 9.3;
				MTL_ENABLE_DEBUG_INFO = YES;
				ONLY_ACTIVE_ARCH = YES;
				SDKROOT = iphoneos;
				SWIFT_OPTIMIZATION_LEVEL = "-Onone";
				TARGETED_DEVICE_FAMILY = "1,2";
			};
			name = Debug;
		};
		BBE2A8211D395225007024F9 /* Release */ = {
			isa = XCBuildConfiguration;
			buildSettings = {
				ALWAYS_SEARCH_USER_PATHS = NO;
				CLANG_ANALYZER_NONNULL = YES;
				CLANG_CXX_LANGUAGE_STANDARD = "gnu++0x";
				CLANG_CXX_LIBRARY = "libc++";
				CLANG_ENABLE_MODULES = YES;
				CLANG_ENABLE_OBJC_ARC = YES;
				CLANG_WARN_BOOL_CONVERSION = YES;
				CLANG_WARN_CONSTANT_CONVERSION = YES;
				CLANG_WARN_DIRECT_OBJC_ISA_USAGE = YES_ERROR;
				CLANG_WARN_EMPTY_BODY = YES;
				CLANG_WARN_ENUM_CONVERSION = YES;
				CLANG_WARN_INT_CONVERSION = YES;
				CLANG_WARN_OBJC_ROOT_CLASS = YES_ERROR;
				CLANG_WARN_UNREACHABLE_CODE = YES;
				CLANG_WARN__DUPLICATE_METHOD_MATCH = YES;
				"CODE_SIGN_IDENTITY[sdk=iphoneos*]" = "iPhone Developer";
				COPY_PHASE_STRIP = NO;
				DEBUG_INFORMATION_FORMAT = "dwarf-with-dsym";
				ENABLE_NS_ASSERTIONS = NO;
				ENABLE_STRICT_OBJC_MSGSEND = YES;
				GCC_C_LANGUAGE_STANDARD = gnu99;
				GCC_NO_COMMON_BLOCKS = YES;
				GCC_WARN_64_TO_32_BIT_CONVERSION = YES;
				GCC_WARN_ABOUT_RETURN_TYPE = YES_ERROR;
				GCC_WARN_UNDECLARED_SELECTOR = YES;
				GCC_WARN_UNINITIALIZED_AUTOS = YES_AGGRESSIVE;
				GCC_WARN_UNUSED_FUNCTION = YES;
				GCC_WARN_UNUSED_VARIABLE = YES;
				IPHONEOS_DEPLOYMENT_TARGET = 9.3;
				MTL_ENABLE_DEBUG_INFO = NO;
				SDKROOT = iphoneos;
				TARGETED_DEVICE_FAMILY = "1,2";
				VALIDATE_PRODUCT = YES;
			};
			name = Release;
		};
		BBE2A8231D395225007024F9 /* Debug */ = {
			isa = XCBuildConfiguration;
			buildSettings = {
				ASSETCATALOG_COMPILER_APPICON_NAME = AppIcon;
				INFOPLIST_FILE = LYTAudioPlayerDemo/Info.plist;
				LD_RUNPATH_SEARCH_PATHS = "$(inherited) @executable_path/Frameworks";
				PRODUCT_BUNDLE_IDENTIFIER = dk.nota.lyt.LYTAudioPlayerDemo;
				PRODUCT_NAME = "$(TARGET_NAME)";
			};
			name = Debug;
		};
		BBE2A8241D395225007024F9 /* Release */ = {
			isa = XCBuildConfiguration;
			buildSettings = {
				ASSETCATALOG_COMPILER_APPICON_NAME = AppIcon;
				INFOPLIST_FILE = LYTAudioPlayerDemo/Info.plist;
				LD_RUNPATH_SEARCH_PATHS = "$(inherited) @executable_path/Frameworks";
				PRODUCT_BUNDLE_IDENTIFIER = dk.nota.lyt.LYTAudioPlayerDemo;
				PRODUCT_NAME = "$(TARGET_NAME)";
			};
			name = Release;
		};
/* End XCBuildConfiguration section */

/* Begin XCConfigurationList section */
		BBE2A80B1D395225007024F9 /* Build configuration list for PBXProject "LYTAudioPlayerDemo" */ = {
			isa = XCConfigurationList;
			buildConfigurations = (
				BBE2A8201D395225007024F9 /* Debug */,
				BBE2A8211D395225007024F9 /* Release */,
			);
			defaultConfigurationIsVisible = 0;
			defaultConfigurationName = Release;
		};
		BBE2A8221D395225007024F9 /* Build configuration list for PBXNativeTarget "LYTAudioPlayerDemo" */ = {
			isa = XCConfigurationList;
			buildConfigurations = (
				BBE2A8231D395225007024F9 /* Debug */,
				BBE2A8241D395225007024F9 /* Release */,
			);
			defaultConfigurationIsVisible = 0;
			defaultConfigurationName = Release;
		};
/* End XCConfigurationList section */
	};
	rootObject = BBE2A8081D395225007024F9 /* Project object */;
}
